
Microsoft Visual Studio Solution File, Format Version 12.00
# Visual Studio Version 16
VisualStudioVersion = 16.0.30804.86
MinimumVisualStudioVersion = 10.0.40219.1
Project("{9A19103F-16F7-4668-BE54-9A1E7A4F7556}") = "Jester", "Jester\Jester.csproj", "{8D7E738B-3C00-4ED2-8B5C-1C18EAF7A11E}"
EndProject
Global
	GlobalSection(SolutionConfigurationPlatforms) = preSolution
		Debug|Any CPU = Debug|Any CPU
		Release|Any CPU = Release|Any CPU
	EndGlobalSection
	GlobalSection(ProjectConfigurationPlatforms) = postSolution
		{8D7E738B-3C00-4ED2-8B5C-1C18EAF7A11E}.Debug|Any CPU.ActiveCfg = Debug|Any CPU
		{8D7E738B-3C00-4ED2-8B5C-1C18EAF7A11E}.Debug|Any CPU.Build.0 = Debug|Any CPU
		{8D7E738B-3C00-4ED2-8B5C-1C18EAF7A11E}.Release|Any CPU.ActiveCfg = Release|Any CPU
		{8D7E738B-3C00-4ED2-8B5C-1C18EAF7A11E}.Release|Any CPU.Build.0 = Release|Any CPU
	EndGlobalSection
	GlobalSection(SolutionProperties) = preSolution
		HideSolutionNode = FALSE
	EndGlobalSection
	GlobalSection(ExtensibilityGlobals) = postSolution
		SolutionGuid = {B19F89EE-428A-4DB9-83EC-63E57D3AE363}
	EndGlobalSection
EndGlobal
